
Microsoft Visual Studio Solution File, Format Version 12.00
# Visual Studio Version 16
VisualStudioVersion = 16.0.31829.152
MinimumVisualStudioVersion = 10.0.40219.1
Project("{FAE04EC0-301F-11D3-BF4B-00C04F79EFBC}") = "5-Aula01Parte02", "5-Aula01Parte02.csproj", "{04374B03-2A6D-49B9-81F5-6DB78479FEE9}"
EndProject
Project("{FAE04EC0-301F-11D3-BF4B-00C04F79EFBC}") = "5-Aula01Parte02.SistemaAgencia", "..\5-Aula01Parte02.SistemaAgencia\5-Aula01Parte02.SistemaAgencia.csproj", "{2B359424-D7B8-4383-BD8B-17CEBDBE87A6}"
EndProject
Global
	GlobalSection(SolutionConfigurationPlatforms) = preSolution
		Debug|Any CPU = Debug|Any CPU
		Release|Any CPU = Release|Any CPU
	EndGlobalSection
	GlobalSection(ProjectConfigurationPlatforms) = postSolution
		{04374B03-2A6D-49B9-81F5-6DB78479FEE9}.Debug|Any CPU.ActiveCfg = Debug|Any CPU
		{04374B03-2A6D-49B9-81F5-6DB78479FEE9}.Debug|Any CPU.Build.0 = Debug|Any CPU
		{04374B03-2A6D-49B9-81F5-6DB78479FEE9}.Release|Any CPU.ActiveCfg = Release|Any CPU
		{2B359424-D7B8-4383-BD8B-17CEBDBE87A6}.Debug|Any CPU.ActiveCfg = Debug|Any CPU
		{2B359424-D7B8-4383-BD8B-17CEBDBE87A6}.Debug|Any CPU.Build.0 = Debug|Any CPU
		{2B359424-D7B8-4383-BD8B-17CEBDBE87A6}.Release|Any CPU.ActiveCfg = Release|Any CPU
		{2B359424-D7B8-4383-BD8B-17CEBDBE87A6}.Release|Any CPU.Build.0 = Release|Any CPU
	EndGlobalSection
	GlobalSection(SolutionProperties) = preSolution
		HideSolutionNode = FALSE
	EndGlobalSection
	GlobalSection(ExtensibilityGlobals) = postSolution
		SolutionGuid = {A64EBF32-1481-419C-80E4-8F741D20B198}
	EndGlobalSection
EndGlobal
